
Microsoft Visual Studio Solution File, Format Version 12.00
# Visual Studio Version 17
VisualStudioVersion = 17.11.35312.102
MinimumVisualStudioVersion = 10.0.40219.1
Project("{2150E333-8FDC-42A3-9474-1A3956D46DE8}") = "01 CandidateFinder.API", "01 CandidateFinder.API", "{4FF061A9-AEFF-4F36-89F9-63899FFE7933}"
EndProject
Project("{2150E333-8FDC-42A3-9474-1A3956D46DE8}") = "API", "API", "{A9B83AF9-BE3D-49AB-A66C-C2B6C63C640F}"
EndProject
Project("{2150E333-8FDC-42A3-9474-1A3956D46DE8}") = "Data", "Data", "{5DD21C1A-CBAF-4C0A-AAED-39938FCDAB4A}"
EndProject
Project("{2150E333-8FDC-42A3-9474-1A3956D46DE8}") = "MediatRService", "MediatRService", "{15F99DAD-7D41-401E-BC87-DF8A34F420D7}"
EndProject
Project("{2150E333-8FDC-42A3-9474-1A3956D46DE8}") = "Models", "Models", "{DCC246A1-BE4A-4347-97BA-256F3452B9CF}"
EndProject
Project("{9A19103F-16F7-4668-BE54-9A1E7A4F7556}") = "CandidateFinder.Api", "CandidateFinder\CandidateFinder.Api.csproj", "{6625A724-B955-45FF-BF11-99E632BA112E}"
EndProject
Project("{9A19103F-16F7-4668-BE54-9A1E7A4F7556}") = "CandidateFinder.Data", "CandidateFinder.Data\CandidateFinder.Data.csproj", "{7D688070-7130-42C8-BF3C-0F053C473663}"
EndProject
Project("{9A19103F-16F7-4668-BE54-9A1E7A4F7556}") = "CandidateFinder.Models", "CandidateFinder.Models\CandidateFinder.Models.csproj", "{DB6A4B23-F554-4B79-94A0-58F40A8E8903}"
EndProject
Project("{9A19103F-16F7-4668-BE54-9A1E7A4F7556}") = "CandidateFinder.MediatRService", "CandidateFinder.MediatR\CandidateFinder.MediatRService.csproj", "{805C9A74-198C-4F51-B919-DD5122503CF5}"
EndProject
Project("{2150E333-8FDC-42A3-9474-1A3956D46DE8}") = "Test", "Test", "{BEF1D78D-8ED0-4441-B024-27EEAE4D0B31}"
EndProject
Project("{9A19103F-16F7-4668-BE54-9A1E7A4F7556}") = "CandidateFinder.Test", "CandidateFind.Test\CandidateFinder.Test.csproj", "{E4A8D496-52F3-437B-902D-5E096EA2FCF7}"
EndProject
Global
	GlobalSection(SolutionConfigurationPlatforms) = preSolution
		Debug|Any CPU = Debug|Any CPU
		Release|Any CPU = Release|Any CPU
	EndGlobalSection
	GlobalSection(ProjectConfigurationPlatforms) = postSolution
		{6625A724-B955-45FF-BF11-99E632BA112E}.Debug|Any CPU.ActiveCfg = Debug|Any CPU
		{6625A724-B955-45FF-BF11-99E632BA112E}.Debug|Any CPU.Build.0 = Debug|Any CPU
		{6625A724-B955-45FF-BF11-99E632BA112E}.Release|Any CPU.ActiveCfg = Release|Any CPU
		{6625A724-B955-45FF-BF11-99E632BA112E}.Release|Any CPU.Build.0 = Release|Any CPU
		{7D688070-7130-42C8-BF3C-0F053C473663}.Debug|Any CPU.ActiveCfg = Debug|Any CPU
		{7D688070-7130-42C8-BF3C-0F053C473663}.Debug|Any CPU.Build.0 = Debug|Any CPU
		{7D688070-7130-42C8-BF3C-0F053C473663}.Release|Any CPU.ActiveCfg = Release|Any CPU
		{7D688070-7130-42C8-BF3C-0F053C473663}.Release|Any CPU.Build.0 = Release|Any CPU
		{DB6A4B23-F554-4B79-94A0-58F40A8E8903}.Debug|Any CPU.ActiveCfg = Debug|Any CPU
		{DB6A4B23-F554-4B79-94A0-58F40A8E8903}.Debug|Any CPU.Build.0 = Debug|Any CPU
		{DB6A4B23-F554-4B79-94A0-58F40A8E8903}.Release|Any CPU.ActiveCfg = Release|Any CPU
		{DB6A4B23-F554-4B79-94A0-58F40A8E8903}.Release|Any CPU.Build.0 = Release|Any CPU
		{805C9A74-198C-4F51-B919-DD5122503CF5}.Debug|Any CPU.ActiveCfg = Debug|Any CPU
		{805C9A74-198C-4F51-B919-DD5122503CF5}.Debug|Any CPU.Build.0 = Debug|Any CPU
		{805C9A74-198C-4F51-B919-DD5122503CF5}.Release|Any CPU.ActiveCfg = Release|Any CPU
		{805C9A74-198C-4F51-B919-DD5122503CF5}.Release|Any CPU.Build.0 = Release|Any CPU
		{E4A8D496-52F3-437B-902D-5E096EA2FCF7}.Debug|Any CPU.ActiveCfg = Debug|Any CPU
		{E4A8D496-52F3-437B-902D-5E096EA2FCF7}.Debug|Any CPU.Build.0 = Debug|Any CPU
		{E4A8D496-52F3-437B-902D-5E096EA2FCF7}.Release|Any CPU.ActiveCfg = Release|Any CPU
		{E4A8D496-52F3-437B-902D-5E096EA2FCF7}.Release|Any CPU.Build.0 = Release|Any CPU
	EndGlobalSection
	GlobalSection(SolutionProperties) = preSolution
		HideSolutionNode = FALSE
	EndGlobalSection
	GlobalSection(NestedProjects) = preSolution
		{A9B83AF9-BE3D-49AB-A66C-C2B6C63C640F} = {4FF061A9-AEFF-4F36-89F9-63899FFE7933}
		{5DD21C1A-CBAF-4C0A-AAED-39938FCDAB4A} = {4FF061A9-AEFF-4F36-89F9-63899FFE7933}
		{15F99DAD-7D41-401E-BC87-DF8A34F420D7} = {4FF061A9-AEFF-4F36-89F9-63899FFE7933}
		{DCC246A1-BE4A-4347-97BA-256F3452B9CF} = {4FF061A9-AEFF-4F36-89F9-63899FFE7933}
		{6625A724-B955-45FF-BF11-99E632BA112E} = {A9B83AF9-BE3D-49AB-A66C-C2B6C63C640F}
		{7D688070-7130-42C8-BF3C-0F053C473663} = {5DD21C1A-CBAF-4C0A-AAED-39938FCDAB4A}
		{DB6A4B23-F554-4B79-94A0-58F40A8E8903} = {DCC246A1-BE4A-4347-97BA-256F3452B9CF}
		{805C9A74-198C-4F51-B919-DD5122503CF5} = {15F99DAD-7D41-401E-BC87-DF8A34F420D7}
		{BEF1D78D-8ED0-4441-B024-27EEAE4D0B31} = {4FF061A9-AEFF-4F36-89F9-63899FFE7933}
		{E4A8D496-52F3-437B-902D-5E096EA2FCF7} = {BEF1D78D-8ED0-4441-B024-27EEAE4D0B31}
	EndGlobalSection
	GlobalSection(ExtensibilityGlobals) = postSolution
		SolutionGuid = {20743060-BF10-4594-AE8D-3A919208BFDB}
	EndGlobalSection
EndGlobal
